{
  "originHash" : "d6b302771566c2d9f6c15fbedad36e8a71ce54f7a4f93c2acdfbb365348cb083",
  "pins" : [
    {
      "identity" : "swift-syntax",
      "kind" : "remoteSourceControl",
      "location" : "https://github.com/swiftlang/swift-syntax.git",
      "state" : {
        "revision" : "1103c45ece4f7fe160b8f75b4ea1ee2e5fac1841",
        "version" : "601.0.0"
      }
    }
  ],
  "version" : 3
}
