{
  "originHash" : "35018be1d49ab4c27906b6935d6f5f21b5986f0cd8a9d22312a35799791b7ae6",
  "pins" : [
    {
      "identity" : "swift-syntax",
      "kind" : "remoteSourceControl",
      "location" : "https://github.com/swiftlang/swift-syntax.git",
      "state" : {
        "revision" : "07bf225e198119c23b2b9a0a3432bdb534498873",
        "version" : "603.0.0-prerelease-2025-08-11"
      }
    },
    {
      "identity" : "swift-testing",
      "kind" : "remoteSourceControl",
      "location" : "https://github.com/apple/swift-testing.git",
      "state" : {
        "branch" : "main",
        "revision" : "d0917ae3b6f17424b9549772036de4b22f20b850"
      }
    }
  ],
  "version" : 3
}
